
Microsoft Visual Studio Solution File, Format Version 12.00
# Visual Studio Version 17
VisualStudioVersion = 17.6.33815.320
MinimumVisualStudioVersion = 10.0.40219.1
Project("{9A19103F-16F7-4668-BE54-9A1E7A4F7556}") = "CrockPot", "CrockPot\CrockPot.csproj", "{1B80DE0B-2760-436F-90CD-6EC6962517CB}"
EndProject
Global
	GlobalSection(SolutionConfigurationPlatforms) = preSolution
		Debug|Any CPU = Debug|Any CPU
		Release|Any CPU = Release|Any CPU
	EndGlobalSection
	GlobalSection(ProjectConfigurationPlatforms) = postSolution
		{1B80DE0B-2760-436F-90CD-6EC6962517CB}.Debug|Any CPU.ActiveCfg = Debug|Any CPU
		{1B80DE0B-2760-436F-90CD-6EC6962517CB}.Debug|Any CPU.Build.0 = Debug|Any CPU
		{1B80DE0B-2760-436F-90CD-6EC6962517CB}.Release|Any CPU.ActiveCfg = Release|Any CPU
		{1B80DE0B-2760-436F-90CD-6EC6962517CB}.Release|Any CPU.Build.0 = Release|Any CPU
	EndGlobalSection
	GlobalSection(SolutionProperties) = preSolution
		HideSolutionNode = FALSE
	EndGlobalSection
	GlobalSection(ExtensibilityGlobals) = postSolution
		SolutionGuid = {927BE027-C4FB-4615-BBD4-5DF84F938C55}
	EndGlobalSection
EndGlobal
